{
  "version": 4,
  "terraform_version": "1.8.4",
  "serial": 4,
  "lineage": "c7732eee-1e59-af7a-93cc-81573eb2f95a",
  "outputs": {},
  "resources": [
    {
      "mode": "managed",
      "type": "docker_container",
      "name": "fry",
      "provider": "provider[\"registry.terraform.io/kreuzwerker/docker\"]",
      "instances": [
        {
          "schema_version": 2,
          "attributes": {
            "attach": false,
            "bridge": "",
            "capabilities": [],
            "command": [
              "/usr/sbin/sshd",
              "-D"
            ],
            "container_logs": null,
            "cpu_set": "",
            "cpu_shares": 0,
            "destroy_grace_seconds": null,
            "devices": [],
            "dns": null,
            "dns_opts": null,
            "dns_search": null,
            "domainname": "",
            "entrypoint": [],
            "env": [],
            "exit_code": null,
            "gateway": "10.10.2.1",
            "group_add": null,
            "healthcheck": null,
            "host": [],
            "hostname": "fry",
            "id": "ef8efd46e17d62a5f1de511cef0e36543f762573ff686ab8d79944ff6e1b2495",
            "image": "sha256:afc328b16ae4f2fe5a1188ca31733b190cc0a7df823da77c17dd979eba9bc266",
            "init": false,
            "ip_address": "10.10.2.4",
            "ip_prefix_length": 24,
            "ipc_mode": "private",
            "labels": [],
            "links": null,
            "log_driver": "json-file",
            "log_opts": null,
            "logs": false,
            "max_retry_count": 0,
            "memory": 0,
            "memory_swap": 0,
            "mounts": [],
            "must_run": true,
            "name": "fry",
            "network_alias": null,
            "network_data": [
              {
                "gateway": "10.10.2.1",
                "global_ipv6_address": "",
                "global_ipv6_prefix_length": 0,
                "ip_address": "10.10.2.4",
                "ip_prefix_length": 24,
                "ipv6_gateway": "",
                "network_name": "ansible-net"
              }
            ],
            "network_mode": "default",
            "networks": null,
            "networks_advanced": [
              {
                "aliases": [
                  "ansible-net"
                ],
                "ipv4_address": "10.10.2.4",
                "ipv6_address": "",
                "name": "ansible-net"
              }
            ],
            "pid_mode": "",
            "ports": [],
            "privileged": false,
            "publish_all_ports": false,
            "read_only": false,
            "remove_volumes": true,
            "restart": "no",
            "rm": false,
            "security_opts": [],
            "shm_size": 64,
            "start": true,
            "stdin_open": false,
            "sysctls": null,
            "tmpfs": null,
            "tty": false,
            "ulimit": [],
            "upload": [],
            "user": "",
            "userns_mode": "",
            "volumes": [],
            "working_dir": ""
          },
          "sensitive_attributes": [],
          "private": "eyJzY2hlbWFfdmVyc2lvbiI6IjIifQ==",
          "dependencies": [
            "docker_image.fry",
            "docker_network.ansible-net"
          ]
        }
      ]
    },
    {
      "mode": "managed",
      "type": "docker_image",
      "name": "fry",
      "provider": "provider[\"registry.terraform.io/kreuzwerker/docker\"]",
      "instances": [
        {
          "schema_version": 0,
          "attributes": {
            "build": [
              {
                "build_arg": {
                  "user": "fry"
                },
                "dockerfile": "Dockerfile",
                "force_remove": null,
                "label": null,
                "no_cache": null,
                "path": "/home/student/mycode/ansible-tf/",
                "remove": true,
                "tag": [
                  "ssh-fry"
                ],
                "target": ""
              }
            ],
            "force_remove": null,
            "id": "sha256:afc328b16ae4f2fe5a1188ca31733b190cc0a7df823da77c17dd979eba9bc266ssh-fry:latest",
            "keep_locally": true,
            "latest": "sha256:afc328b16ae4f2fe5a1188ca31733b190cc0a7df823da77c17dd979eba9bc266",
            "name": "ssh-fry:latest",
            "output": null,
            "pull_trigger": null,
            "pull_triggers": null,
            "repo_digest": ""
          },
          "sensitive_attributes": [],
          "private": "bnVsbA=="
        }
      ]
    },
    {
      "mode": "managed",
      "type": "docker_network",
      "name": "ansible-net",
      "provider": "provider[\"registry.terraform.io/kreuzwerker/docker\"]",
      "instances": [
        {
          "schema_version": 1,
          "attributes": {
            "attachable": false,
            "check_duplicate": null,
            "driver": "bridge",
            "id": "6d76dfc42bad8c9b64b33f110ae079ba00f09aae72bca0ddee1cfe14ef2d6df0",
            "ingress": false,
            "internal": false,
            "ipam_config": [
              {
                "aux_address": null,
                "gateway": "",
                "ip_range": "",
                "subnet": "10.10.2.0/24"
              }
            ],
            "ipam_driver": "default",
            "ipv6": false,
            "labels": [],
            "name": "ansible-net",
            "options": {},
            "scope": "local"
          },
          "sensitive_attributes": [],
          "private": "eyJzY2hlbWFfdmVyc2lvbiI6IjEifQ=="
        }
      ]
    }
  ],
  "check_results": null
}
